
Microsoft Visual Studio Solution File, Format Version 12.00
# Visual Studio Version 17
VisualStudioVersion = 17.0.31903.59
MinimumVisualStudioVersion = 10.0.40219.1
Project("{9A19103F-16F7-4668-BE54-9A1E7A4F7556}") = "LogErrorAnalyzer", "LogErrorAnalyzer\LogErrorAnalyzer.csproj", "{52631228-B079-4C16-9218-B469B15D4B2E}"
EndProject
Project("{2150E333-8FDC-42A3-9474-1A3956D46DE8}") = "Itens de Solução", "Itens de Solução", "{CF9F0873-2794-4E8C-A48D-1882C9FD362D}"
	ProjectSection(SolutionItems) = preProject
		README.md = README.md
	EndProjectSection
EndProject
Global
	GlobalSection(SolutionConfigurationPlatforms) = preSolution
		Debug|Any CPU = Debug|Any CPU
		Release|Any CPU = Release|Any CPU
	EndGlobalSection
	GlobalSection(ProjectConfigurationPlatforms) = postSolution
		{52631228-B079-4C16-9218-B469B15D4B2E}.Debug|Any CPU.ActiveCfg = Debug|Any CPU
		{52631228-B079-4C16-9218-B469B15D4B2E}.Debug|Any CPU.Build.0 = Debug|Any CPU
		{52631228-B079-4C16-9218-B469B15D4B2E}.Release|Any CPU.ActiveCfg = Release|Any CPU
		{52631228-B079-4C16-9218-B469B15D4B2E}.Release|Any CPU.Build.0 = Release|Any CPU
	EndGlobalSection
	GlobalSection(SolutionProperties) = preSolution
		HideSolutionNode = FALSE
	EndGlobalSection
	GlobalSection(ExtensibilityGlobals) = postSolution
		SolutionGuid = {1ABB7C14-1801-47E6-AE24-C8D477D84D75}
	EndGlobalSection
EndGlobal
